
Microsoft Visual Studio Solution File, Format Version 12.00
# Visual Studio 2012
Project("{FAE04EC0-301F-11D3-BF4B-00C04F79EFBC}") = "Apptentive.Android", "Apptentive.Android.csproj", "{42BDBB53-FC01-4241-B8BE-EF2454835C0B}"
EndProject
Global
	GlobalSection(SolutionConfigurationPlatforms) = preSolution
		Debug|Any CPU = Debug|Any CPU
		Release|Any CPU = Release|Any CPU
	EndGlobalSection
	GlobalSection(ProjectConfigurationPlatforms) = postSolution
		{42BDBB53-FC01-4241-B8BE-EF2454835C0B}.Debug|Any CPU.ActiveCfg = Debug|Any CPU
		{42BDBB53-FC01-4241-B8BE-EF2454835C0B}.Debug|Any CPU.Build.0 = Debug|Any CPU
		{42BDBB53-FC01-4241-B8BE-EF2454835C0B}.Release|Any CPU.ActiveCfg = Release|Any CPU
		{42BDBB53-FC01-4241-B8BE-EF2454835C0B}.Release|Any CPU.Build.0 = Release|Any CPU
	EndGlobalSection
EndGlobal
