
Microsoft Visual Studio Solution File, Format Version 11.00
# Visual Studio 2010
Project("{FAE04EC0-301F-11D3-BF4B-00C04F79EFBC}") = "Apptentive", "Apptentive\Apptentive.csproj", "{0699959E-478F-4A71-900B-B7348BE1AFF3}"
EndProject
Project("{FAE04EC0-301F-11D3-BF4B-00C04F79EFBC}") = "ApptentiveDemo", "ApptentiveDemo\ApptentiveDemo.csproj", "{8B3417D0-85A7-498D-B7F5-285EC1DF715C}"
EndProject
Global
	GlobalSection(SolutionConfigurationPlatforms) = preSolution
		Debug|Any CPU = Debug|Any CPU
		Release|Any CPU = Release|Any CPU
		Debug|iPhoneSimulator = Debug|iPhoneSimulator
		Release|iPhoneSimulator = Release|iPhoneSimulator
		Debug|iPhone = Debug|iPhone
		Release|iPhone = Release|iPhone
		Ad-Hoc|iPhone = Ad-Hoc|iPhone
		AppStore|iPhone = AppStore|iPhone
	EndGlobalSection
	GlobalSection(ProjectConfigurationPlatforms) = postSolution
		{0699959E-478F-4A71-900B-B7348BE1AFF3}.Ad-Hoc|iPhone.ActiveCfg = Debug|Any CPU
		{0699959E-478F-4A71-900B-B7348BE1AFF3}.Ad-Hoc|iPhone.Build.0 = Debug|Any CPU
		{0699959E-478F-4A71-900B-B7348BE1AFF3}.AppStore|iPhone.ActiveCfg = Debug|Any CPU
		{0699959E-478F-4A71-900B-B7348BE1AFF3}.AppStore|iPhone.Build.0 = Debug|Any CPU
		{0699959E-478F-4A71-900B-B7348BE1AFF3}.Debug|Any CPU.ActiveCfg = Debug|Any CPU
		{0699959E-478F-4A71-900B-B7348BE1AFF3}.Debug|Any CPU.Build.0 = Debug|Any CPU
		{0699959E-478F-4A71-900B-B7348BE1AFF3}.Debug|iPhone.ActiveCfg = Debug|Any CPU
		{0699959E-478F-4A71-900B-B7348BE1AFF3}.Debug|iPhone.Build.0 = Debug|Any CPU
		{0699959E-478F-4A71-900B-B7348BE1AFF3}.Debug|iPhoneSimulator.ActiveCfg = Debug|Any CPU
		{0699959E-478F-4A71-900B-B7348BE1AFF3}.Debug|iPhoneSimulator.Build.0 = Debug|Any CPU
		{0699959E-478F-4A71-900B-B7348BE1AFF3}.Release|Any CPU.ActiveCfg = Release|Any CPU
		{0699959E-478F-4A71-900B-B7348BE1AFF3}.Release|Any CPU.Build.0 = Release|Any CPU
		{0699959E-478F-4A71-900B-B7348BE1AFF3}.Release|iPhone.ActiveCfg = Release|Any CPU
		{0699959E-478F-4A71-900B-B7348BE1AFF3}.Release|iPhone.Build.0 = Release|Any CPU
		{0699959E-478F-4A71-900B-B7348BE1AFF3}.Release|iPhoneSimulator.ActiveCfg = Release|Any CPU
		{0699959E-478F-4A71-900B-B7348BE1AFF3}.Release|iPhoneSimulator.Build.0 = Release|Any CPU
		{8B3417D0-85A7-498D-B7F5-285EC1DF715C}.Ad-Hoc|iPhone.ActiveCfg = Ad-Hoc|iPhone
		{8B3417D0-85A7-498D-B7F5-285EC1DF715C}.Ad-Hoc|iPhone.Build.0 = Ad-Hoc|iPhone
		{8B3417D0-85A7-498D-B7F5-285EC1DF715C}.AppStore|iPhone.ActiveCfg = AppStore|iPhone
		{8B3417D0-85A7-498D-B7F5-285EC1DF715C}.AppStore|iPhone.Build.0 = AppStore|iPhone
		{8B3417D0-85A7-498D-B7F5-285EC1DF715C}.Debug|Any CPU.ActiveCfg = Debug|iPhoneSimulator
		{8B3417D0-85A7-498D-B7F5-285EC1DF715C}.Debug|Any CPU.Build.0 = Debug|iPhoneSimulator
		{8B3417D0-85A7-498D-B7F5-285EC1DF715C}.Debug|iPhone.ActiveCfg = Debug|iPhone
		{8B3417D0-85A7-498D-B7F5-285EC1DF715C}.Debug|iPhone.Build.0 = Debug|iPhone
		{8B3417D0-85A7-498D-B7F5-285EC1DF715C}.Debug|iPhoneSimulator.ActiveCfg = Debug|iPhoneSimulator
		{8B3417D0-85A7-498D-B7F5-285EC1DF715C}.Debug|iPhoneSimulator.Build.0 = Debug|iPhoneSimulator
		{8B3417D0-85A7-498D-B7F5-285EC1DF715C}.Release|Any CPU.ActiveCfg = Release|iPhoneSimulator
		{8B3417D0-85A7-498D-B7F5-285EC1DF715C}.Release|Any CPU.Build.0 = Release|iPhoneSimulator
		{8B3417D0-85A7-498D-B7F5-285EC1DF715C}.Release|iPhone.ActiveCfg = Release|iPhone
		{8B3417D0-85A7-498D-B7F5-285EC1DF715C}.Release|iPhone.Build.0 = Release|iPhone
		{8B3417D0-85A7-498D-B7F5-285EC1DF715C}.Release|iPhoneSimulator.ActiveCfg = Release|iPhoneSimulator
		{8B3417D0-85A7-498D-B7F5-285EC1DF715C}.Release|iPhoneSimulator.Build.0 = Release|iPhoneSimulator
	EndGlobalSection
	GlobalSection(MonoDevelopProperties) = preSolution
		StartupItem = ApptentiveDemo\ApptentiveDemo.csproj
	EndGlobalSection
EndGlobal
